
Microsoft Visual Studio Solution File, Format Version 12.00
# Visual Studio Version 17
VisualStudioVersion = 17.10.35027.167
MinimumVisualStudioVersion = 10.0.40219.1
Project("{2150E333-8FDC-42A3-9474-1A3956D46DE8}") = "server", "server", "{256B6A45-5B22-4DB9-A46B-803DF0CC9F88}"
	ProjectSection(SolutionItems) = preProject
		package.json = package.json
		server.js = server.js
	EndProjectSection
EndProject
Project("{54A90642-561A-4BB1-A94E-469ADEE60C69}") = "cyberhorizonanim", "cyberhorizonanim\cyberhorizonanim.esproj", "{067C392A-474F-46AD-9998-5535FE94D960}"
EndProject
Project("{2150E333-8FDC-42A3-9474-1A3956D46DE8}") = "database", "database", "{14759819-A0CE-414F-B0F5-3068274F67BE}"
	ProjectSection(SolutionItems) = preProject
		database\news.db = database\news.db
	EndProjectSection
EndProject
Global
	GlobalSection(SolutionConfigurationPlatforms) = preSolution
		Debug|Any CPU = Debug|Any CPU
		Release|Any CPU = Release|Any CPU
	EndGlobalSection
	GlobalSection(ProjectConfigurationPlatforms) = postSolution
		{067C392A-474F-46AD-9998-5535FE94D960}.Debug|Any CPU.ActiveCfg = Debug|Any CPU
		{067C392A-474F-46AD-9998-5535FE94D960}.Debug|Any CPU.Build.0 = Debug|Any CPU
		{067C392A-474F-46AD-9998-5535FE94D960}.Debug|Any CPU.Deploy.0 = Debug|Any CPU
		{067C392A-474F-46AD-9998-5535FE94D960}.Release|Any CPU.ActiveCfg = Release|Any CPU
		{067C392A-474F-46AD-9998-5535FE94D960}.Release|Any CPU.Build.0 = Release|Any CPU
		{067C392A-474F-46AD-9998-5535FE94D960}.Release|Any CPU.Deploy.0 = Release|Any CPU
	EndGlobalSection
	GlobalSection(SolutionProperties) = preSolution
		HideSolutionNode = FALSE
	EndGlobalSection
	GlobalSection(NestedProjects) = preSolution
		{067C392A-474F-46AD-9998-5535FE94D960} = {256B6A45-5B22-4DB9-A46B-803DF0CC9F88}
		{14759819-A0CE-414F-B0F5-3068274F67BE} = {256B6A45-5B22-4DB9-A46B-803DF0CC9F88}
	EndGlobalSection
	GlobalSection(ExtensibilityGlobals) = postSolution
		SolutionGuid = {041AC705-7140-4C1F-B17A-844553D3DE5E}
	EndGlobalSection
EndGlobal
